
Microsoft Visual Studio Solution File, Format Version 12.00
# Visual Studio 14
VisualStudioVersion = 14.0.24720.0
MinimumVisualStudioVersion = 10.0.40219.1
Project("{FAE04EC0-301F-11D3-BF4B-00C04F79EFBC}") = "ACExpertServer", "ACExpertServer\ACExpertServer.csproj", "{F94ED63F-18CF-4227-B585-59FA5A1D683F}"
EndProject
Project("{FAE04EC0-301F-11D3-BF4B-00C04F79EFBC}") = "ACExpertClient", "ACExpertClient\ACExpertClient.csproj", "{9B599566-3328-4F9D-BA26-A16D262257F5}"
EndProject
Project("{FAE04EC0-301F-11D3-BF4B-00C04F79EFBC}") = "DebugHost", "DebugHost\DebugHost.csproj", "{BC72D109-E16D-4ECC-9C7A-929D04B2B739}"
EndProject
Global
	GlobalSection(SolutionConfigurationPlatforms) = preSolution
		Debug|Any CPU = Debug|Any CPU
		Release|Any CPU = Release|Any CPU
	EndGlobalSection
	GlobalSection(ProjectConfigurationPlatforms) = postSolution
		{F94ED63F-18CF-4227-B585-59FA5A1D683F}.Debug|Any CPU.ActiveCfg = Debug|Any CPU
		{F94ED63F-18CF-4227-B585-59FA5A1D683F}.Debug|Any CPU.Build.0 = Debug|Any CPU
		{F94ED63F-18CF-4227-B585-59FA5A1D683F}.Release|Any CPU.ActiveCfg = Release|Any CPU
		{F94ED63F-18CF-4227-B585-59FA5A1D683F}.Release|Any CPU.Build.0 = Release|Any CPU
		{9B599566-3328-4F9D-BA26-A16D262257F5}.Debug|Any CPU.ActiveCfg = Debug|Any CPU
		{9B599566-3328-4F9D-BA26-A16D262257F5}.Debug|Any CPU.Build.0 = Debug|Any CPU
		{9B599566-3328-4F9D-BA26-A16D262257F5}.Release|Any CPU.ActiveCfg = Release|Any CPU
		{9B599566-3328-4F9D-BA26-A16D262257F5}.Release|Any CPU.Build.0 = Release|Any CPU
		{BC72D109-E16D-4ECC-9C7A-929D04B2B739}.Debug|Any CPU.ActiveCfg = Debug|Any CPU
		{BC72D109-E16D-4ECC-9C7A-929D04B2B739}.Debug|Any CPU.Build.0 = Debug|Any CPU
		{BC72D109-E16D-4ECC-9C7A-929D04B2B739}.Release|Any CPU.ActiveCfg = Release|Any CPU
		{BC72D109-E16D-4ECC-9C7A-929D04B2B739}.Release|Any CPU.Build.0 = Release|Any CPU
	EndGlobalSection
	GlobalSection(SolutionProperties) = preSolution
		HideSolutionNode = FALSE
	EndGlobalSection
EndGlobal
